// !$*UTF8*$!
{
	archiveVersion = 1;
	classes = {
	};
	objectVersion = 56;
	objects = {

/* Begin PBXBuildFile section */
		8B661A54BAB0B1B344070476 /* Pods_PreCommit.framework in Frameworks */ = {isa = PBXBuildFile; fileRef = 3E9586D4D69A0CFAF5D2418C /* Pods_PreCommit.framework */; };
		A23CC9E72A87980C0047A44B /* AppDelegate.swift in Sources */ = {isa = PBXBuildFile; fileRef = A23CC9E62A87980C0047A44B /* AppDelegate.swift */; };
		A23CC9E92A87980C0047A44B /* SceneDelegate.swift in Sources */ = {isa = PBXBuildFile; fileRef = A23CC9E82A87980C0047A44B /* SceneDelegate.swift */; };
		A23CC9EB2A87980C0047A44B /* ViewController.swift in Sources */ = {isa = PBXBuildFile; fileRef = A23CC9EA2A87980C0047A44B /* ViewController.swift */; };
		A23CC9EE2A87980C0047A44B /* Main.storyboard in Resources */ = {isa = PBXBuildFile; fileRef = A23CC9EC2A87980C0047A44B /* Main.storyboard */; };
		A23CC9F02A87980E0047A44B /* Assets.xcassets in Resources */ = {isa = PBXBuildFile; fileRef = A23CC9EF2A87980E0047A44B /* Assets.xcassets */; };
		A23CC9F32A87980E0047A44B /* LaunchScreen.storyboard in Resources */ = {isa = PBXBuildFile; fileRef = A23CC9F12A87980E0047A44B /* LaunchScreen.storyboard */; };
/* End PBXBuildFile section */

/* Begin PBXFileReference section */
		1E8C45C5754EE8F3361FB87E /* Pods-PreCommit.debug.xcconfig */ = {isa = PBXFileReference; includeInIndex = 1; lastKnownFileType = text.xcconfig; name = "Pods-PreCommit.debug.xcconfig"; path = "Target Support Files/Pods-PreCommit/Pods-PreCommit.debug.xcconfig"; sourceTree = "<group>"; };
		3E9586D4D69A0CFAF5D2418C /* Pods_PreCommit.framework */ = {isa = PBXFileReference; explicitFileType = wrapper.framework; includeInIndex = 0; path = Pods_PreCommit.framework; sourceTree = BUILT_PRODUCTS_DIR; };
		456D878948150F296695BB92 /* Pods-PreCommit.release.xcconfig */ = {isa = PBXFileReference; includeInIndex = 1; lastKnownFileType = text.xcconfig; name = "Pods-PreCommit.release.xcconfig"; path = "Target Support Files/Pods-PreCommit/Pods-PreCommit.release.xcconfig"; sourceTree = "<group>"; };
		A23CC9E32A87980C0047A44B /* PreCommit.app */ = {isa = PBXFileReference; explicitFileType = wrapper.application; includeInIndex = 0; path = PreCommit.app; sourceTree = BUILT_PRODUCTS_DIR; };
		A23CC9E62A87980C0047A44B /* AppDelegate.swift */ = {isa = PBXFileReference; lastKnownFileType = sourcecode.swift; path = AppDelegate.swift; sourceTree = "<group>"; };
		A23CC9E82A87980C0047A44B /* SceneDelegate.swift */ = {isa = PBXFileReference; lastKnownFileType = sourcecode.swift; path = SceneDelegate.swift; sourceTree = "<group>"; };
		A23CC9EA2A87980C0047A44B /* ViewController.swift */ = {isa = PBXFileReference; lastKnownFileType = sourcecode.swift; path = ViewController.swift; sourceTree = "<group>"; };
		A23CC9ED2A87980C0047A44B /* Base */ = {isa = PBXFileReference; lastKnownFileType = file.storyboard; name = Base; path = Base.lproj/Main.storyboard; sourceTree = "<group>"; };
		A23CC9EF2A87980E0047A44B /* Assets.xcassets */ = {isa = PBXFileReference; lastKnownFileType = folder.assetcatalog; path = Assets.xcassets; sourceTree = "<group>"; };
		A23CC9F22A87980E0047A44B /* Base */ = {isa = PBXFileReference; lastKnownFileType = file.storyboard; name = Base; path = Base.lproj/LaunchScreen.storyboard; sourceTree = "<group>"; };
		A23CC9F42A87980E0047A44B /* Info.plist */ = {isa = PBXFileReference; lastKnownFileType = text.plist.xml; path = Info.plist; sourceTree = "<group>"; };
/* End PBXFileReference section */

/* Begin PBXFrameworksBuildPhase section */
		A23CC9E02A87980C0047A44B /* Frameworks */ = {
			isa = PBXFrameworksBuildPhase;
			buildActionMask = 2147483647;
			files = (
				8B661A54BAB0B1B344070476 /* Pods_PreCommit.framework in Frameworks */,
			);
			runOnlyForDeploymentPostprocessing = 0;
		};
/* End PBXFrameworksBuildPhase section */

/* Begin PBXGroup section */
		936E93AE51E82A788A7D239A /* Pods */ = {
			isa = PBXGroup;
			children = (
				1E8C45C5754EE8F3361FB87E /* Pods-PreCommit.debug.xcconfig */,
				456D878948150F296695BB92 /* Pods-PreCommit.release.xcconfig */,
			);
			name = Pods;
			path = Pods;
			sourceTree = "<group>";
		};
		A23CC9DA2A87980C0047A44B = {
			isa = PBXGroup;
			children = (
				A23CC9E52A87980C0047A44B /* PreCommit */,
				A23CC9E42A87980C0047A44B /* Products */,
				936E93AE51E82A788A7D239A /* Pods */,
				B2863AF08E893CC294149556 /* Frameworks */,
			);
			sourceTree = "<group>";
		};
		A23CC9E42A87980C0047A44B /* Products */ = {
			isa = PBXGroup;
			children = (
				A23CC9E32A87980C0047A44B /* PreCommit.app */,
			);
			name = Products;
			sourceTree = "<group>";
		};
		A23CC9E52A87980C0047A44B /* PreCommit */ = {
			isa = PBXGroup;
			children = (
				A23CC9E62A87980C0047A44B /* AppDelegate.swift */,
				A23CC9E82A87980C0047A44B /* SceneDelegate.swift */,
				A23CC9EA2A87980C0047A44B /* ViewController.swift */,
				A23CC9EC2A87980C0047A44B /* Main.storyboard */,
				A23CC9EF2A87980E0047A44B /* Assets.xcassets */,
				A23CC9F12A87980E0047A44B /* LaunchScreen.storyboard */,
				A23CC9F42A87980E0047A44B /* Info.plist */,
			);
			path = PreCommit;
			sourceTree = "<group>";
		};
		B2863AF08E893CC294149556 /* Frameworks */ = {
			isa = PBXGroup;
			children = (
				3E9586D4D69A0CFAF5D2418C /* Pods_PreCommit.framework */,
			);
			name = Frameworks;
			sourceTree = "<group>";
		};
/* End PBXGroup section */

/* Begin PBXNativeTarget section */
		A23CC9E22A87980C0047A44B /* PreCommit */ = {
			isa = PBXNativeTarget;
			buildConfigurationList = A23CC9F72A87980E0047A44B /* Build configuration list for PBXNativeTarget "PreCommit" */;
			buildPhases = (
				514C61C07A513E9750901F5C /* [CP] Check Pods Manifest.lock */,
				A23CC9DF2A87980C0047A44B /* Sources */,
				A23CC9E02A87980C0047A44B /* Frameworks */,
				A23CC9E12A87980C0047A44B /* Resources */,
			);
			buildRules = (
			);
			dependencies = (
			);
			name = PreCommit;
			productName = PreCommit;
			productReference = A23CC9E32A87980C0047A44B /* PreCommit.app */;
			productType = "com.apple.product-type.application";
		};
/* End PBXNativeTarget section */

/* Begin PBXProject section */
		A23CC9DB2A87980C0047A44B /* Project object */ = {
			isa = PBXProject;
			attributes = {
				BuildIndependentTargetsInParallel = 1;
				LastSwiftUpdateCheck = 1430;
				LastUpgradeCheck = 1430;
				TargetAttributes = {
					A23CC9E22A87980C0047A44B = {
						CreatedOnToolsVersion = 14.3.1;
					};
				};
			};
			buildConfigurationList = A23CC9DE2A87980C0047A44B /* Build configuration list for PBXProject "PreCommit" */;
			compatibilityVersion = "Xcode 14.0";
			developmentRegion = en;
			hasScannedForEncodings = 0;
			knownRegions = (
				en,
				Base,
			);
			mainGroup = A23CC9DA2A87980C0047A44B;
			productRefGroup = A23CC9E42A87980C0047A44B /* Products */;
			projectDirPath = "";
			projectRoot = "";
			targets = (
				A23CC9E22A87980C0047A44B /* PreCommit */,
			);
		};
/* End PBXProject section */

/* Begin PBXResourcesBuildPhase section */
		A23CC9E12A87980C0047A44B /* Resources */ = {
			isa = PBXResourcesBuildPhase;
			buildActionMask = 2147483647;
			files = (
				A23CC9F32A87980E0047A44B /* LaunchScreen.storyboard in Resources */,
				A23CC9F02A87980E0047A44B /* Assets.xcassets in Resources */,
				A23CC9EE2A87980C0047A44B /* Main.storyboard in Resources */,
			);
			runOnlyForDeploymentPostprocessing = 0;
		};
/* End PBXResourcesBuildPhase section */

/* Begin PBXShellScriptBuildPhase section */
		514C61C07A513E9750901F5C /* [CP] Check Pods Manifest.lock */ = {
			isa = PBXShellScriptBuildPhase;
			buildActionMask = 2147483647;
			files = (
			);
			inputFileListPaths = (
			);
			inputPaths = (
				"${PODS_PODFILE_DIR_PATH}/Podfile.lock",
				"${PODS_ROOT}/Manifest.lock",
			);
			name = "[CP] Check Pods Manifest.lock";
			outputFileListPaths = (
			);
			outputPaths = (
				"$(DERIVED_FILE_DIR)/Pods-PreCommit-checkManifestLockResult.txt",
			);
			runOnlyForDeploymentPostprocessing = 0;
			shellPath = /bin/sh;
			shellScript = "diff \"${PODS_PODFILE_DIR_PATH}/Podfile.lock\" \"${PODS_ROOT}/Manifest.lock\" > /dev/null\nif [ $? != 0 ] ; then\n    # print error to STDERR\n    echo \"error: The sandbox is not in sync with the Podfile.lock. Run 'pod install' or update your CocoaPods installation.\" >&2\n    exit 1\nfi\n# This output is used by Xcode 'outputs' to avoid re-running this script phase.\necho \"SUCCESS\" > \"${SCRIPT_OUTPUT_FILE_0}\"\n";
			showEnvVarsInLog = 0;
		};
/* End PBXShellScriptBuildPhase section */

/* Begin PBXSourcesBuildPhase section */
		A23CC9DF2A87980C0047A44B /* Sources */ = {
			isa = PBXSourcesBuildPhase;
			buildActionMask = 2147483647;
			files = (
				A23CC9EB2A87980C0047A44B /* ViewController.swift in Sources */,
				A23CC9E72A87980C0047A44B /* AppDelegate.swift in Sources */,
				A23CC9E92A87980C0047A44B /* SceneDelegate.swift in Sources */,
			);
			runOnlyForDeploymentPostprocessing = 0;
		};
/* End PBXSourcesBuildPhase section */

/* Begin PBXVariantGroup section */
		A23CC9EC2A87980C0047A44B /* Main.storyboard */ = {
			isa = PBXVariantGroup;
			children = (
				A23CC9ED2A87980C0047A44B /* Base */,
			);
			name = Main.storyboard;
			sourceTree = "<group>";
		};
		A23CC9F12A87980E0047A44B /* LaunchScreen.storyboard */ = {
			isa = PBXVariantGroup;
			children = (
				A23CC9F22A87980E0047A44B /* Base */,
			);
			name = LaunchScreen.storyboard;
			sourceTree = "<group>";
		};
/* End PBXVariantGroup section */

/* Begin XCBuildConfiguration section */
		A23CC9F52A87980E0047A44B /* Debug */ = {
			isa = XCBuildConfiguration;
			buildSettings = {
				ALWAYS_SEARCH_USER_PATHS = NO;
				CLANG_ANALYZER_NONNULL = YES;
				CLANG_ANALYZER_NUMBER_OBJECT_CONVERSION = YES_AGGRESSIVE;
				CLANG_CXX_LANGUAGE_STANDARD = "gnu++20";
				CLANG_ENABLE_MODULES = YES;
				CLANG_ENABLE_OBJC_ARC = YES;
				CLANG_ENABLE_OBJC_WEAK = YES;
				CLANG_WARN_BLOCK_CAPTURE_AUTORELEASING = YES;
				CLANG_WARN_BOOL_CONVERSION = YES;
				CLANG_WARN_COMMA = YES;
				CLANG_WARN_CONSTANT_CONVERSION = YES;
				CLANG_WARN_DEPRECATED_OBJC_IMPLEMENTATIONS = YES;
				CLANG_WARN_DIRECT_OBJC_ISA_USAGE = YES_ERROR;
				CLANG_WARN_DOCUMENTATION_COMMENTS = YES;
				CLANG_WARN_EMPTY_BODY = YES;
				CLANG_WARN_ENUM_CONVERSION = YES;
				CLANG_WARN_INFINITE_RECURSION = YES;
				CLANG_WARN_INT_CONVERSION = YES;
				CLANG_WARN_NON_LITERAL_NULL_CONVERSION = YES;
				CLANG_WARN_OBJC_IMPLICIT_RETAIN_SELF = YES;
				CLANG_WARN_OBJC_LITERAL_CONVERSION = YES;
				CLANG_WARN_OBJC_ROOT_CLASS = YES_ERROR;
				CLANG_WARN_QUOTED_INCLUDE_IN_FRAMEWORK_HEADER = YES;
				CLANG_WARN_RANGE_LOOP_ANALYSIS = YES;
				CLANG_WARN_STRICT_PROTOTYPES = YES;
				CLANG_WARN_SUSPICIOUS_MOVE = YES;
				CLANG_WARN_UNGUARDED_AVAILABILITY = YES_AGGRESSIVE;
				CLANG_WARN_UNREACHABLE_CODE = YES;
				CLANG_WARN__DUPLICATE_METHOD_MATCH = YES;
				COPY_PHASE_STRIP = NO;
				DEBUG_INFORMATION_FORMAT = dwarf;
				ENABLE_STRICT_OBJC_MSGSEND = YES;
				ENABLE_TESTABILITY = YES;
				GCC_C_LANGUAGE_STANDARD = gnu11;
				GCC_DYNAMIC_NO_PIC = NO;
				GCC_NO_COMMON_BLOCKS = YES;
				GCC_OPTIMIZATION_LEVEL = 0;
				GCC_PREPROCESSOR_DEFINITIONS = (
					"DEBUG=1",
					"$(inherited)",
				);
				GCC_WARN_64_TO_32_BIT_CONVERSION = YES;
				GCC_WARN_ABOUT_RETURN_TYPE = YES_ERROR;
				GCC_WARN_UNDECLARED_SELECTOR = YES;
				GCC_WARN_UNINITIALIZED_AUTOS = YES_AGGRESSIVE;
				GCC_WARN_UNUSED_FUNCTION = YES;
				GCC_WARN_UNUSED_VARIABLE = YES;
				IPHONEOS_DEPLOYMENT_TARGET = 16.4;
				MTL_ENABLE_DEBUG_INFO = INCLUDE_SOURCE;
				MTL_FAST_MATH = YES;
				ONLY_ACTIVE_ARCH = YES;
				SDKROOT = iphoneos;
				SWIFT_ACTIVE_COMPILATION_CONDITIONS = DEBUG;
				SWIFT_OPTIMIZATION_LEVEL = "-Onone";
			};
			name = Debug;
		};
		A23CC9F62A87980E0047A44B /* Release */ = {
			isa = XCBuildConfiguration;
			buildSettings = {
				ALWAYS_SEARCH_USER_PATHS = NO;
				CLANG_ANALYZER_NONNULL = YES;
				CLANG_ANALYZER_NUMBER_OBJECT_CONVERSION = YES_AGGRESSIVE;
				CLANG_CXX_LANGUAGE_STANDARD = "gnu++20";
				CLANG_ENABLE_MODULES = YES;
				CLANG_ENABLE_OBJC_ARC = YES;
				CLANG_ENABLE_OBJC_WEAK = YES;
				CLANG_WARN_BLOCK_CAPTURE_AUTORELEASING = YES;
				CLANG_WARN_BOOL_CONVERSION = YES;
				CLANG_WARN_COMMA = YES;
				CLANG_WARN_CONSTANT_CONVERSION = YES;
				CLANG_WARN_DEPRECATED_OBJC_IMPLEMENTATIONS = YES;
				CLANG_WARN_DIRECT_OBJC_ISA_USAGE = YES_ERROR;
				CLANG_WARN_DOCUMENTATION_COMMENTS = YES;
				CLANG_WARN_EMPTY_BODY = YES;
				CLANG_WARN_ENUM_CONVERSION = YES;
				CLANG_WARN_INFINITE_RECURSION = YES;
				CLANG_WARN_INT_CONVERSION = YES;
				CLANG_WARN_NON_LITERAL_NULL_CONVERSION = YES;
				CLANG_WARN_OBJC_IMPLICIT_RETAIN_SELF = YES;
				CLANG_WARN_OBJC_LITERAL_CONVERSION = YES;
				CLANG_WARN_OBJC_ROOT_CLASS = YES_ERROR;
				CLANG_WARN_QUOTED_INCLUDE_IN_FRAMEWORK_HEADER = YES;
				CLANG_WARN_RANGE_LOOP_ANALYSIS = YES;
				CLANG_WARN_STRICT_PROTOTYPES = YES;
				CLANG_WARN_SUSPICIOUS_MOVE = YES;
				CLANG_WARN_UNGUARDED_AVAILABILITY = YES_AGGRESSIVE;
				CLANG_WARN_UNREACHABLE_CODE = YES;
				CLANG_WARN__DUPLICATE_METHOD_MATCH = YES;
				COPY_PHASE_STRIP = NO;
				DEBUG_INFORMATION_FORMAT = "dwarf-with-dsym";
				ENABLE_NS_ASSERTIONS = NO;
				ENABLE_STRICT_OBJC_MSGSEND = YES;
				GCC_C_LANGUAGE_STANDARD = gnu11;
				GCC_NO_COMMON_BLOCKS = YES;
				GCC_WARN_64_TO_32_BIT_CONVERSION = YES;
				GCC_WARN_ABOUT_RETURN_TYPE = YES_ERROR;
				GCC_WARN_UNDECLARED_SELECTOR = YES;
				GCC_WARN_UNINITIALIZED_AUTOS = YES_AGGRESSIVE;
				GCC_WARN_UNUSED_FUNCTION = YES;
				GCC_WARN_UNUSED_VARIABLE = YES;
				IPHONEOS_DEPLOYMENT_TARGET = 16.4;
				MTL_ENABLE_DEBUG_INFO = NO;
				MTL_FAST_MATH = YES;
				SDKROOT = iphoneos;
				SWIFT_COMPILATION_MODE = wholemodule;
				SWIFT_OPTIMIZATION_LEVEL = "-O";
				VALIDATE_PRODUCT = YES;
			};
			name = Release;
		};
		A23CC9F82A87980E0047A44B /* Debug */ = {
			isa = XCBuildConfiguration;
			baseConfigurationReference = 1E8C45C5754EE8F3361FB87E /* Pods-PreCommit.debug.xcconfig */;
			buildSettings = {
				ASSETCATALOG_COMPILER_APPICON_NAME = AppIcon;
				ASSETCATALOG_COMPILER_GLOBAL_ACCENT_COLOR_NAME = AccentColor;
				CODE_SIGN_STYLE = Automatic;
				CURRENT_PROJECT_VERSION = 1;
				DEVELOPMENT_TEAM = GJFTXMEC77;
				GENERATE_INFOPLIST_FILE = YES;
				INFOPLIST_FILE = PreCommit/Info.plist;
				INFOPLIST_KEY_UIApplicationSupportsIndirectInputEvents = YES;
				INFOPLIST_KEY_UILaunchStoryboardName = LaunchScreen;
				INFOPLIST_KEY_UIMainStoryboardFile = Main;
				INFOPLIST_KEY_UISupportedInterfaceOrientations_iPad = "UIInterfaceOrientationPortrait UIInterfaceOrientationPortraitUpsideDown UIInterfaceOrientationLandscapeLeft UIInterfaceOrientationLandscapeRight";
				INFOPLIST_KEY_UISupportedInterfaceOrientations_iPhone = "UIInterfaceOrientationPortrait UIInterfaceOrientationLandscapeLeft UIInterfaceOrientationLandscapeRight";
				LD_RUNPATH_SEARCH_PATHS = (
					"$(inherited)",
					"@executable_path/Frameworks",
				);
				MARKETING_VERSION = 1.0;
				PRODUCT_BUNDLE_IDENTIFIER = com.premom.PreCommit;
				PRODUCT_NAME = "$(TARGET_NAME)";
				SWIFT_EMIT_LOC_STRINGS = YES;
				SWIFT_VERSION = 5.0;
				TARGETED_DEVICE_FAMILY = "1,2";
			};
			name = Debug;
		};
		A23CC9F92A87980E0047A44B /* Release */ = {
			isa = XCBuildConfiguration;
			baseConfigurationReference = 456D878948150F296695BB92 /* Pods-PreCommit.release.xcconfig */;
			buildSettings = {
				ASSETCATALOG_COMPILER_APPICON_NAME = AppIcon;
				ASSETCATALOG_COMPILER_GLOBAL_ACCENT_COLOR_NAME = AccentColor;
				CODE_SIGN_STYLE = Automatic;
				CURRENT_PROJECT_VERSION = 1;
				DEVELOPMENT_TEAM = GJFTXMEC77;
				GENERATE_INFOPLIST_FILE = YES;
				INFOPLIST_FILE = PreCommit/Info.plist;
				INFOPLIST_KEY_UIApplicationSupportsIndirectInputEvents = YES;
				INFOPLIST_KEY_UILaunchStoryboardName = LaunchScreen;
				INFOPLIST_KEY_UIMainStoryboardFile = Main;
				INFOPLIST_KEY_UISupportedInterfaceOrientations_iPad = "UIInterfaceOrientationPortrait UIInterfaceOrientationPortraitUpsideDown UIInterfaceOrientationLandscapeLeft UIInterfaceOrientationLandscapeRight";
				INFOPLIST_KEY_UISupportedInterfaceOrientations_iPhone = "UIInterfaceOrientationPortrait UIInterfaceOrientationLandscapeLeft UIInterfaceOrientationLandscapeRight";
				LD_RUNPATH_SEARCH_PATHS = (
					"$(inherited)",
					"@executable_path/Frameworks",
				);
				MARKETING_VERSION = 1.0;
				PRODUCT_BUNDLE_IDENTIFIER = com.premom.PreCommit;
				PRODUCT_NAME = "$(TARGET_NAME)";
				SWIFT_EMIT_LOC_STRINGS = YES;
				SWIFT_VERSION = 5.0;
				TARGETED_DEVICE_FAMILY = "1,2";
			};
			name = Release;
		};
/* End XCBuildConfiguration section */

/* Begin XCConfigurationList section */
		A23CC9DE2A87980C0047A44B /* Build configuration list for PBXProject "PreCommit" */ = {
			isa = XCConfigurationList;
			buildConfigurations = (
				A23CC9F52A87980E0047A44B /* Debug */,
				A23CC9F62A87980E0047A44B /* Release */,
			);
			defaultConfigurationIsVisible = 0;
			defaultConfigurationName = Release;
		};
		A23CC9F72A87980E0047A44B /* Build configuration list for PBXNativeTarget "PreCommit" */ = {
			isa = XCConfigurationList;
			buildConfigurations = (
				A23CC9F82A87980E0047A44B /* Debug */,
				A23CC9F92A87980E0047A44B /* Release */,
			);
			defaultConfigurationIsVisible = 0;
			defaultConfigurationName = Release;
		};
/* End XCConfigurationList section */
	};
	rootObject = A23CC9DB2A87980C0047A44B /* Project object */;
}
